schema: '2.0'
stages:
  split:
    cmd: python src/data/1_train_test_split.py
    deps:
    - path: data/raw
      hash: md5
      md5: dfa899a0a65068095baf3c081a02eb8f.dir
      size: 333781
      nfiles: 2
    - path: params.yaml
      hash: md5
      md5: e73dd964298ced635bf1ac6ac219518c
      size: 148
    - path: src/data/1_train_test_split.py
      hash: md5
      md5: 103847b2ee32672a7ae391da39b14378
      size: 896
    params:
      params.yaml:
        split:
          test_size: 0.2
          random_state: 42
    outs:
    - path: data/processed/X_test.csv
      hash: md5
      md5: b2af62a7e108b077aec89fa2622996db
      size: 52624
    - path: data/processed/X_train.csv
      hash: md5
      md5: 535251fa6c1a1d098cc7a36e0bd62f38
      size: 209468
    - path: data/processed/y_test.csv
      hash: md5
      md5: a051d29629c8bbb4cfb7e85c7f0315da
      size: 6456
    - path: data/processed/y_train.csv
      hash: md5
      md5: a9cd9d91da89f732843d72548f64ded3
      size: 25951
  normalisation:
    cmd: python src/data/2_normalisation.py
    deps:
    - path: data/processed/X_test.csv
      hash: md5
      md5: b2af62a7e108b077aec89fa2622996db
      size: 52624
    - path: data/processed/X_train.csv
      hash: md5
      md5: 535251fa6c1a1d098cc7a36e0bd62f38
      size: 209468
    - path: src/data/2_normalisation.py
      hash: md5
      md5: 1418e8513c3972dfe97f3a002570d97d
      size: 731
    outs:
    - path: data/normalised/X_test_scaled.csv
      hash: md5
      md5: 5e079189af6bd091d651a89fafb1c290
      size: 57026
    - path: data/normalised/X_train_scaled.csv
      hash: md5
      md5: c1b80eb7f083888b625dd0369cf381f8
      size: 227497
  gridsearch_modele:
    cmd: python src/models/3_gridsearch_modele.py
    deps:
    - path: data/normalised/X_train_scaled.csv
      hash: md5
      md5: c1b80eb7f083888b625dd0369cf381f8
      size: 227497
    - path: data/processed/y_train.csv
      hash: md5
      md5: a9cd9d91da89f732843d72548f64ded3
      size: 25951
    - path: params.yaml
      hash: md5
      md5: e73dd964298ced635bf1ac6ac219518c
      size: 148
    - path: src/models/3_gridsearch_modele.py
      hash: md5
      md5: 2ded3c015f5029f7633dd37824352cee
      size: 767
    params:
      params.yaml:
        grid_search:
          alpha:
          - 0.1
          - 1.0
          - 10.0
          solver:
          - auto
          - svd
          - cholesky
          cv: 5
          scoring: r2
    outs:
    - path: models/best_params.pkl
      hash: md5
      md5: 59b3243070d107b56273a39de3890b0b
      size: 48
  modele:
    cmd: python src/models/4_modele.py
    deps:
    - path: data/normalised/X_train_scaled.csv
      hash: md5
      md5: c1b80eb7f083888b625dd0369cf381f8
      size: 227497
    - path: data/processed/y_train.csv
      hash: md5
      md5: a9cd9d91da89f732843d72548f64ded3
      size: 25951
    - path: models/best_params.pkl
      hash: md5
      md5: 59b3243070d107b56273a39de3890b0b
      size: 48
    - path: src/models/4_modele.py
      hash: md5
      md5: f86131c59e356b6e31c69fe28fd256d8
      size: 482
    outs:
    - path: models/model.pkl
      hash: md5
      md5: c621912b35cbb8d5d32c4cdd09143a38
      size: 1043
  evaluation:
    cmd: python src/models/5_evaluation.py
    deps:
    - path: data/normalised/X_test_scaled.csv
      hash: md5
      md5: 5e079189af6bd091d651a89fafb1c290
      size: 57026
    - path: data/processed/y_test.csv
      hash: md5
      md5: a051d29629c8bbb4cfb7e85c7f0315da
      size: 6456
    - path: models/model.pkl
      hash: md5
      md5: c621912b35cbb8d5d32c4cdd09143a38
      size: 1043
    - path: src/models/5_evaluation.py
      hash: md5
      md5: 7c4ae9a7c34109cb82f57b0842057937
      size: 717
    outs:
    - path: data/predictions.csv
      hash: md5
      md5: c334d1c8f6ef36cbd427d78db9f2ae6a
      size: 6769
    - path: metrics/scores.json
      hash: md5
      md5: 65a7816a1438fe25f28ca129c39958e6
      size: 54
